
Microsoft Visual Studio Solution File, Format Version 12.00
# Visual Studio Version 17
VisualStudioVersion = 17.10.34928.147
MinimumVisualStudioVersion = 10.0.40219.1
Project("{FAE04EC0-301F-11D3-BF4B-00C04F79EFBC}") = "TheIdeaCenter", "TheIdeaCenter\TheIdeaCenter.csproj", "{7B013ADF-D37B-43F9-9846-3C782A89B4CD}"
EndProject
Global
	GlobalSection(SolutionConfigurationPlatforms) = preSolution
		Debug|Any CPU = Debug|Any CPU
		Release|Any CPU = Release|Any CPU
	EndGlobalSection
	GlobalSection(ProjectConfigurationPlatforms) = postSolution
		{7B013ADF-D37B-43F9-9846-3C782A89B4CD}.Debug|Any CPU.ActiveCfg = Debug|Any CPU
		{7B013ADF-D37B-43F9-9846-3C782A89B4CD}.Debug|Any CPU.Build.0 = Debug|Any CPU
		{7B013ADF-D37B-43F9-9846-3C782A89B4CD}.Release|Any CPU.ActiveCfg = Release|Any CPU
		{7B013ADF-D37B-43F9-9846-3C782A89B4CD}.Release|Any CPU.Build.0 = Release|Any CPU
	EndGlobalSection
	GlobalSection(SolutionProperties) = preSolution
		HideSolutionNode = FALSE
	EndGlobalSection
	GlobalSection(ExtensibilityGlobals) = postSolution
		SolutionGuid = {98568AA5-1F35-4451-A7B3-FA80BA34BD85}
	EndGlobalSection
EndGlobal
